
Microsoft Visual Studio Solution File, Format Version 12.00
# Visual Studio 14
VisualStudioVersion = 14.0.25420.1
MinimumVisualStudioVersion = 10.0.40219.1
Project("{FAE04EC0-301F-11D3-BF4B-00C04F79EFBC}") = "BPAClassLibrary", "BPAClassLibrary\BPAClassLibrary.csproj", "{1EECCB0E-AB21-42A7-ACBC-6E340820FC07}"
EndProject
Project("{FAE04EC0-301F-11D3-BF4B-00C04F79EFBC}") = "BPA.API", "BPA.API\BPA.API.csproj", "{7E85112A-DE3D-4186-964A-F1DBFCA66462}"
EndProject
Global
	GlobalSection(SolutionConfigurationPlatforms) = preSolution
		Debug|Any CPU = Debug|Any CPU
		Release|Any CPU = Release|Any CPU
	EndGlobalSection
	GlobalSection(ProjectConfigurationPlatforms) = postSolution
		{1EECCB0E-AB21-42A7-ACBC-6E340820FC07}.Debug|Any CPU.ActiveCfg = Debug|Any CPU
		{1EECCB0E-AB21-42A7-ACBC-6E340820FC07}.Debug|Any CPU.Build.0 = Debug|Any CPU
		{1EECCB0E-AB21-42A7-ACBC-6E340820FC07}.Release|Any CPU.ActiveCfg = Release|Any CPU
		{1EECCB0E-AB21-42A7-ACBC-6E340820FC07}.Release|Any CPU.Build.0 = Release|Any CPU
		{7E85112A-DE3D-4186-964A-F1DBFCA66462}.Debug|Any CPU.ActiveCfg = Debug|Any CPU
		{7E85112A-DE3D-4186-964A-F1DBFCA66462}.Debug|Any CPU.Build.0 = Debug|Any CPU
		{7E85112A-DE3D-4186-964A-F1DBFCA66462}.Release|Any CPU.ActiveCfg = Release|Any CPU
		{7E85112A-DE3D-4186-964A-F1DBFCA66462}.Release|Any CPU.Build.0 = Release|Any CPU
	EndGlobalSection
	GlobalSection(SolutionProperties) = preSolution
		HideSolutionNode = FALSE
	EndGlobalSection
EndGlobal
